# This file is @generated by PDM.
# It is not intended for manual editing.

[metadata]
groups = ["default"]
strategy = ["inherit_metadata"]
lock_version = "4.5.0"
content_hash = "sha256:0000000000000000000000000000000000000000000000000000000000000000"

[[metadata.targets]]
requires_python = ">=3.9"

[[package]]
name = "aiocache"
version = "0.12.3"
summary = "multi backend asyncio cache"
groups = ["default"]
files = [
    {file = "aiocache-0.12.3-py2.py3-none-any.whl", hash = "sha256:889086fc24710f431937b87ad3720a289f7fc31c4fd8b68e9f918b9bacd8270d"},
]
